
Microsoft Visual Studio Solution File, Format Version 12.00
# Visual Studio Version 17
VisualStudioVersion = 17.4.33103.184
MinimumVisualStudioVersion = 10.0.40219.1
Project("{FAE04EC0-301F-11D3-BF4B-00C04F79EFBC}") = "DataAccessLayer", "DataAccessLayer\DataAccessLayer.csproj", "{409D8812-7E5D-432E-B188-0ED947932995}"
EndProject
Project("{FAE04EC0-301F-11D3-BF4B-00C04F79EFBC}") = "LogicLayer", "LogicLayer\LogicLayer.csproj", "{EB74CF75-5799-47B9-BC80-C0693A2A549F}"
EndProject
Project("{FAE04EC0-301F-11D3-BF4B-00C04F79EFBC}") = "WinFormsApp", "WinFormsApp\WinFormsApp.csproj", "{B53240F6-572F-410F-8FF8-3CBD38D99975}"
EndProject
Project("{FAE04EC0-301F-11D3-BF4B-00C04F79EFBC}") = "WebApp", "WebApp\WebApp.csproj", "{DE727F96-02E6-4129-9804-E53234353266}"
EndProject
Project("{FAE04EC0-301F-11D3-BF4B-00C04F79EFBC}") = "UnitTests", "UnitTests\UnitTests.csproj", "{E78312DE-3AC1-47B3-BF54-77FD0BC84664}"
EndProject
Global
	GlobalSection(SolutionConfigurationPlatforms) = preSolution
		Debug|Any CPU = Debug|Any CPU
		Release|Any CPU = Release|Any CPU
	EndGlobalSection
	GlobalSection(ProjectConfigurationPlatforms) = postSolution
		{409D8812-7E5D-432E-B188-0ED947932995}.Debug|Any CPU.ActiveCfg = Debug|Any CPU
		{409D8812-7E5D-432E-B188-0ED947932995}.Debug|Any CPU.Build.0 = Debug|Any CPU
		{409D8812-7E5D-432E-B188-0ED947932995}.Release|Any CPU.ActiveCfg = Release|Any CPU
		{409D8812-7E5D-432E-B188-0ED947932995}.Release|Any CPU.Build.0 = Release|Any CPU
		{EB74CF75-5799-47B9-BC80-C0693A2A549F}.Debug|Any CPU.ActiveCfg = Debug|Any CPU
		{EB74CF75-5799-47B9-BC80-C0693A2A549F}.Debug|Any CPU.Build.0 = Debug|Any CPU
		{EB74CF75-5799-47B9-BC80-C0693A2A549F}.Release|Any CPU.ActiveCfg = Release|Any CPU
		{EB74CF75-5799-47B9-BC80-C0693A2A549F}.Release|Any CPU.Build.0 = Release|Any CPU
		{B53240F6-572F-410F-8FF8-3CBD38D99975}.Debug|Any CPU.ActiveCfg = Debug|Any CPU
		{B53240F6-572F-410F-8FF8-3CBD38D99975}.Debug|Any CPU.Build.0 = Debug|Any CPU
		{B53240F6-572F-410F-8FF8-3CBD38D99975}.Release|Any CPU.ActiveCfg = Release|Any CPU
		{B53240F6-572F-410F-8FF8-3CBD38D99975}.Release|Any CPU.Build.0 = Release|Any CPU
		{DE727F96-02E6-4129-9804-E53234353266}.Debug|Any CPU.ActiveCfg = Debug|Any CPU
		{DE727F96-02E6-4129-9804-E53234353266}.Debug|Any CPU.Build.0 = Debug|Any CPU
		{DE727F96-02E6-4129-9804-E53234353266}.Release|Any CPU.ActiveCfg = Release|Any CPU
		{DE727F96-02E6-4129-9804-E53234353266}.Release|Any CPU.Build.0 = Release|Any CPU
		{E78312DE-3AC1-47B3-BF54-77FD0BC84664}.Debug|Any CPU.ActiveCfg = Debug|Any CPU
		{E78312DE-3AC1-47B3-BF54-77FD0BC84664}.Debug|Any CPU.Build.0 = Debug|Any CPU
		{E78312DE-3AC1-47B3-BF54-77FD0BC84664}.Release|Any CPU.ActiveCfg = Release|Any CPU
		{E78312DE-3AC1-47B3-BF54-77FD0BC84664}.Release|Any CPU.Build.0 = Release|Any CPU
	EndGlobalSection
	GlobalSection(SolutionProperties) = preSolution
		HideSolutionNode = FALSE
	EndGlobalSection
	GlobalSection(ExtensibilityGlobals) = postSolution
		SolutionGuid = {E9C63A11-28F9-4209-874B-8DF26D941307}
	EndGlobalSection
EndGlobal
